
Microsoft Visual Studio Solution File, Format Version 12.00
# Visual Studio Version 17
VisualStudioVersion = 17.9.34414.90
MinimumVisualStudioVersion = 10.0.40219.1
Project("{2150E333-8FDC-42A3-9474-1A3956D46DE8}") = "FrontEnd", "FrontEnd", "{4A82C26D-A29B-411B-967C-F81D86A9984C}"
EndProject
Project("{2150E333-8FDC-42A3-9474-1A3956D46DE8}") = "Gateway", "Gateway", "{900205C8-9C64-4EE3-A3ED-EC19193C1FF5}"
EndProject
Project("{2150E333-8FDC-42A3-9474-1A3956D46DE8}") = "Integration", "Integration", "{DC9F971A-4F08-4C79-9696-D88AD51905A2}"
EndProject
Project("{2150E333-8FDC-42A3-9474-1A3956D46DE8}") = "Services", "Services", "{893E5A64-761A-46DA-BC23-998FD975FBEB}"
EndProject
Project("{9A19103F-16F7-4668-BE54-9A1E7A4F7556}") = "Mango.Services.CouponAPI", "Mango.Services.CouponAPI\Mango.Services.CouponAPI.csproj", "{EED50BD5-9E91-47E5-ACB9-B5E9495BC39B}"
EndProject
Project("{9A19103F-16F7-4668-BE54-9A1E7A4F7556}") = "Mango.Web", "Mango.Web\Mango.Web.csproj", "{DC087CBC-73DD-4243-B9C2-C2E49EEAE9D1}"
EndProject
Project("{9A19103F-16F7-4668-BE54-9A1E7A4F7556}") = "Mango.Services.AuthAPI", "Mango.Services.AuthAPI\Mango.Services.AuthAPI.csproj", "{B6AF4F2C-868F-4146-A2B0-6FE6976C8E42}"
EndProject
Project("{9A19103F-16F7-4668-BE54-9A1E7A4F7556}") = "Mango.Services.ProductAPI", "Mango.Services.ProductAPI\Mango.Services.ProductAPI.csproj", "{16B4EB15-364D-44BB-B0A3-9148B744C9FC}"
EndProject
Project("{9A19103F-16F7-4668-BE54-9A1E7A4F7556}") = "Mango.Services.ShoppingCartAPI", "Mango.Services.ShoppingCartAPI\Mango.Services.ShoppingCartAPI.csproj", "{DB58D9C1-E043-402A-98D9-F066E9FE992D}"
EndProject
Project("{9A19103F-16F7-4668-BE54-9A1E7A4F7556}") = "Mango.MessageBus", "Mango.MessageBus\Mango.MessageBus.csproj", "{F68951B8-5D37-4680-B1C1-6A5CB957E742}"
EndProject
Project("{9A19103F-16F7-4668-BE54-9A1E7A4F7556}") = "Mango.Services.EmailAPI", "Mango.Services.EmailAPI\Mango.Services.EmailAPI.csproj", "{E3A5FFEA-7D18-4257-8BB4-160AD08CC57E}"
EndProject
Project("{FAE04EC0-301F-11D3-BF4B-00C04F79EFBC}") = "Mango.Services.OrderAPI", "Mango.Services.OrderAPI\Mango.Services.OrderAPI.csproj", "{CF9333C2-B0B7-4A1A-8A63-4E7930B49481}"
EndProject
Global
	GlobalSection(SolutionConfigurationPlatforms) = preSolution
		Debug|Any CPU = Debug|Any CPU
		Release|Any CPU = Release|Any CPU
	EndGlobalSection
	GlobalSection(ProjectConfigurationPlatforms) = postSolution
		{EED50BD5-9E91-47E5-ACB9-B5E9495BC39B}.Debug|Any CPU.ActiveCfg = Debug|Any CPU
		{EED50BD5-9E91-47E5-ACB9-B5E9495BC39B}.Debug|Any CPU.Build.0 = Debug|Any CPU
		{EED50BD5-9E91-47E5-ACB9-B5E9495BC39B}.Release|Any CPU.ActiveCfg = Release|Any CPU
		{EED50BD5-9E91-47E5-ACB9-B5E9495BC39B}.Release|Any CPU.Build.0 = Release|Any CPU
		{DC087CBC-73DD-4243-B9C2-C2E49EEAE9D1}.Debug|Any CPU.ActiveCfg = Debug|Any CPU
		{DC087CBC-73DD-4243-B9C2-C2E49EEAE9D1}.Debug|Any CPU.Build.0 = Debug|Any CPU
		{DC087CBC-73DD-4243-B9C2-C2E49EEAE9D1}.Release|Any CPU.ActiveCfg = Release|Any CPU
		{DC087CBC-73DD-4243-B9C2-C2E49EEAE9D1}.Release|Any CPU.Build.0 = Release|Any CPU
		{B6AF4F2C-868F-4146-A2B0-6FE6976C8E42}.Debug|Any CPU.ActiveCfg = Debug|Any CPU
		{B6AF4F2C-868F-4146-A2B0-6FE6976C8E42}.Debug|Any CPU.Build.0 = Debug|Any CPU
		{B6AF4F2C-868F-4146-A2B0-6FE6976C8E42}.Release|Any CPU.ActiveCfg = Release|Any CPU
		{B6AF4F2C-868F-4146-A2B0-6FE6976C8E42}.Release|Any CPU.Build.0 = Release|Any CPU
		{16B4EB15-364D-44BB-B0A3-9148B744C9FC}.Debug|Any CPU.ActiveCfg = Debug|Any CPU
		{16B4EB15-364D-44BB-B0A3-9148B744C9FC}.Debug|Any CPU.Build.0 = Debug|Any CPU
		{16B4EB15-364D-44BB-B0A3-9148B744C9FC}.Release|Any CPU.ActiveCfg = Release|Any CPU
		{16B4EB15-364D-44BB-B0A3-9148B744C9FC}.Release|Any CPU.Build.0 = Release|Any CPU
		{DB58D9C1-E043-402A-98D9-F066E9FE992D}.Debug|Any CPU.ActiveCfg = Debug|Any CPU
		{DB58D9C1-E043-402A-98D9-F066E9FE992D}.Debug|Any CPU.Build.0 = Debug|Any CPU
		{DB58D9C1-E043-402A-98D9-F066E9FE992D}.Release|Any CPU.ActiveCfg = Release|Any CPU
		{DB58D9C1-E043-402A-98D9-F066E9FE992D}.Release|Any CPU.Build.0 = Release|Any CPU
		{F68951B8-5D37-4680-B1C1-6A5CB957E742}.Debug|Any CPU.ActiveCfg = Debug|Any CPU
		{F68951B8-5D37-4680-B1C1-6A5CB957E742}.Debug|Any CPU.Build.0 = Debug|Any CPU
		{F68951B8-5D37-4680-B1C1-6A5CB957E742}.Release|Any CPU.ActiveCfg = Release|Any CPU
		{F68951B8-5D37-4680-B1C1-6A5CB957E742}.Release|Any CPU.Build.0 = Release|Any CPU
		{E3A5FFEA-7D18-4257-8BB4-160AD08CC57E}.Debug|Any CPU.ActiveCfg = Debug|Any CPU
		{E3A5FFEA-7D18-4257-8BB4-160AD08CC57E}.Debug|Any CPU.Build.0 = Debug|Any CPU
		{E3A5FFEA-7D18-4257-8BB4-160AD08CC57E}.Release|Any CPU.ActiveCfg = Release|Any CPU
		{E3A5FFEA-7D18-4257-8BB4-160AD08CC57E}.Release|Any CPU.Build.0 = Release|Any CPU
		{CF9333C2-B0B7-4A1A-8A63-4E7930B49481}.Debug|Any CPU.ActiveCfg = Debug|Any CPU
		{CF9333C2-B0B7-4A1A-8A63-4E7930B49481}.Debug|Any CPU.Build.0 = Debug|Any CPU
		{CF9333C2-B0B7-4A1A-8A63-4E7930B49481}.Release|Any CPU.ActiveCfg = Release|Any CPU
		{CF9333C2-B0B7-4A1A-8A63-4E7930B49481}.Release|Any CPU.Build.0 = Release|Any CPU
	EndGlobalSection
	GlobalSection(SolutionProperties) = preSolution
		HideSolutionNode = FALSE
	EndGlobalSection
	GlobalSection(NestedProjects) = preSolution
		{EED50BD5-9E91-47E5-ACB9-B5E9495BC39B} = {893E5A64-761A-46DA-BC23-998FD975FBEB}
		{DC087CBC-73DD-4243-B9C2-C2E49EEAE9D1} = {4A82C26D-A29B-411B-967C-F81D86A9984C}
		{B6AF4F2C-868F-4146-A2B0-6FE6976C8E42} = {893E5A64-761A-46DA-BC23-998FD975FBEB}
		{16B4EB15-364D-44BB-B0A3-9148B744C9FC} = {893E5A64-761A-46DA-BC23-998FD975FBEB}
		{DB58D9C1-E043-402A-98D9-F066E9FE992D} = {893E5A64-761A-46DA-BC23-998FD975FBEB}
		{F68951B8-5D37-4680-B1C1-6A5CB957E742} = {DC9F971A-4F08-4C79-9696-D88AD51905A2}
		{E3A5FFEA-7D18-4257-8BB4-160AD08CC57E} = {893E5A64-761A-46DA-BC23-998FD975FBEB}
		{CF9333C2-B0B7-4A1A-8A63-4E7930B49481} = {893E5A64-761A-46DA-BC23-998FD975FBEB}
	EndGlobalSection
	GlobalSection(ExtensibilityGlobals) = postSolution
		SolutionGuid = {257218F8-B4B0-48B9-AEDC-EAD5DF3E6C11}
	EndGlobalSection
EndGlobal
